# This file is automatically @generated by Poetry and should not be changed by hand.

[[package]]
name = "click"
version = "8.1.3"
description = "Composable command line interface toolkit"
category = "main"
optional = false
python-versions = ">=3.7"
files = [
    {file = "click-8.1.3-py3-none-any.whl", hash = "sha256:bb4d8133cb15a609f44e8213d9b391b0809795062913b383c62be0ee95b1db48"},
    {file = "click-8.1.3.tar.gz", hash = "sha256:7682dc8afb30297001674575ea00d1814d808d6a36af415a82bd481d37ba7b8e"},
]

[package.dependencies]
colorama = {version = "*", markers = "platform_system == \"Windows\""}

[[package]]
name = "colorama"
version = "0.4.6"
description = "Cross-platform colored terminal text."
category = "main"
optional = false
python-versions = "!=3.0.*,!=3.1.*,!=3.2.*,!=3.3.*,!=3.4.*,!=3.5.*,!=3.6.*,>=2.7"
files = [
    {file = "colorama-0.4.6-py2.py3-none-any.whl", hash = "sha256:4f1d9991f5acc0ca119f9d443620b77f9d6b33703e51011c16baf57afb285fc6"},
    {file = "colorama-0.4.6.tar.gz", hash = "sha256:08695f5cb7ed6e0531a20572697297273c47b8cae5a63ffc6d6ed5c201be6e44"},
]

[[package]]
name = "dotwiz"
version = "0.4.0"
description = "DotWiz is a blazing fast dict subclass that enables accessing (nested) keys in dot notation."
category = "main"
optional = false
python-versions = "*"
files = [
    {file = "dotwiz-0.4.0-py2.py3-none-any.whl", hash = "sha256:8d6598dc2a217ac171f6d5eded060061de8ff2122df62d7b705787df295e021d"},
    {file = "dotwiz-0.4.0.tar.gz", hash = "sha256:45c24633674f05c506fbacab44b3d50e9392d89a18fd65a4150f634d14b1c36f"},
]

[package.dependencies]
pyheck = "0.1.5"

[[package]]
name = "kolorz"
version = "0.2.5"
description = "A fast, extensible, and kolorful python library to print colored output to the terminal"
category = "main"
optional = false
python-versions = ">=3.9,<4.0"
files = [
    {file = "kolorz-0.2.5-py3-none-any.whl", hash = "sha256:ac7a51de5fbea4d79a0c8f3330f42bd0a974f4aefa28e0a6f46406f43c7fdd17"},
    {file = "kolorz-0.2.5.tar.gz", hash = "sha256:628a6430df8597ac03e6bb7b54947053a81fff04196f42b23fa576518d20964f"},
]

[package.dependencies]
dotwiz = ">=0.4.0,<0.5.0"

[[package]]
name = "polars"
version = "0.16.8"
description = "Blazingly fast DataFrame library"
category = "main"
optional = false
python-versions = ">=3.7"
files = [
    {file = "polars-0.16.8-cp37-abi3-macosx_10_7_x86_64.whl", hash = "sha256:424b2b6bca1a89c9b6c1ef4ddfa6f524d5d3a73cc562f7e580e3f3315583ee03"},
    {file = "polars-0.16.8-cp37-abi3-macosx_11_0_arm64.whl", hash = "sha256:25ce0b18fd9dae3512322e2db9601e51d2af8b2b59b9c49bc6adf967b79701cc"},
    {file = "polars-0.16.8-cp37-abi3-manylinux_2_17_aarch64.manylinux2014_aarch64.whl", hash = "sha256:7a247c0ce59562ee412e684ea999ddc004213fe2acf30753340b662fb6609041"},
    {file = "polars-0.16.8-cp37-abi3-manylinux_2_17_x86_64.manylinux2014_x86_64.whl", hash = "sha256:0f33951b5cf78c0c0aace868838ee573bc0422985d73be869a84867731a1c1f1"},
    {file = "polars-0.16.8-cp37-abi3-win_amd64.whl", hash = "sha256:f85c7a3753af0f59ce18641446efdc2d3f85eaa9a9d232232061faafa02f87b9"},
    {file = "polars-0.16.8.tar.gz", hash = "sha256:da306f9049afd11ad3c190cccf10fea4497cb413812c02bc774c60934aa679f4"},
]

[package.extras]
all = ["polars[connectorx,deltalake,fsspec,matplotlib,numpy,pandas,pyarrow,timezone,xlsx2csv]"]
connectorx = ["connectorx"]
deltalake = ["deltalake (>=0.6.2)"]
fsspec = ["fsspec"]
matplotlib = ["matplotlib"]
numpy = ["numpy (>=1.16.0)"]
pandas = ["pandas", "pyarrow (>=4.0.0)"]
pyarrow = ["pyarrow (>=4.0.0)"]
timezone = ["backports.zoneinfo", "tzdata"]
xlsx2csv = ["xlsx2csv (>=0.8.0)"]

[[package]]
name = "pyheck"
version = "0.1.5"
description = "Python bindings for heck, the Rust case conversion library"
category = "main"
optional = false
python-versions = ">=3.7"
files = [
    {file = "pyheck-0.1.5-cp37-abi3-macosx_10_7_x86_64.whl", hash = "sha256:44caf2b7a49d71fdeb0469e9f35886987ad815a8638b3c5b5c83f351d6aed413"},
    {file = "pyheck-0.1.5-cp37-abi3-macosx_10_9_x86_64.macosx_11_0_arm64.macosx_10_9_universal2.whl", hash = "sha256:316a842b94beff6e59a97dbcc590e9be92a932e59126b0faa9ac750384f27eaf"},
    {file = "pyheck-0.1.5-cp37-abi3-manylinux_2_17_aarch64.manylinux2014_aarch64.whl", hash = "sha256:5b6169397395ff041f056bfb36c1957a788a1cd7cb967a927fcae7917ff1b6aa"},
    {file = "pyheck-0.1.5-cp37-abi3-manylinux_2_17_armv7l.manylinux2014_armv7l.whl", hash = "sha256:e9d101e1c599227280e34eeccab0414246e70a91a1cabb4c4868dca284f2be7d"},
    {file = "pyheck-0.1.5-cp37-abi3-manylinux_2_17_ppc64.manylinux2014_ppc64.whl", hash = "sha256:69d6509138909df92b2f2f837518dca118ef08ae3c804044ae511b81b7aecb4d"},
    {file = "pyheck-0.1.5-cp37-abi3-manylinux_2_17_ppc64le.manylinux2014_ppc64le.whl", hash = "sha256:8ce4a2e1b4778051b8f31183e321a034603f3957b6e95cf03bf5f231c8ea3066"},
    {file = "pyheck-0.1.5-cp37-abi3-manylinux_2_17_s390x.manylinux2014_s390x.whl", hash = "sha256:69387b70d910637ab6dc8dc378c8e0b4037cee2c51a9c6f64ce5331b010f5de3"},
    {file = "pyheck-0.1.5-cp37-abi3-manylinux_2_5_i686.manylinux1_i686.whl", hash = "sha256:0fb50b7d899d2a583ec2ac291b8ec2afb10f0e32c4ac290148d3da15927787f8"},
    {file = "pyheck-0.1.5-cp37-abi3-manylinux_2_5_x86_64.manylinux1_x86_64.whl", hash = "sha256:aa8dfd0883212f8495e0bae6eb6ea670c56f9b197b5fe6fb5cae9fd5ec56fb7c"},
    {file = "pyheck-0.1.5-cp37-abi3-musllinux_1_2_aarch64.whl", hash = "sha256:b7c07506b9591e27f8241bf7a72bc4d5c4ac30dedb332efb87e402e49029f233"},
    {file = "pyheck-0.1.5-cp37-abi3-musllinux_1_2_armv7l.whl", hash = "sha256:9ee256cafbdab6c5fcca22d0910176d820bf1e1298773e64f4eea79f51218cc7"},
    {file = "pyheck-0.1.5-cp37-abi3-musllinux_1_2_i686.whl", hash = "sha256:e9ba36060abc55127c3813de398b4013c05be6118cfae3cfa3d978f7b4c84dea"},
    {file = "pyheck-0.1.5-cp37-abi3-musllinux_1_2_x86_64.whl", hash = "sha256:64201a6d213bec443aeb33f66c60cea61aaf6257e48a19159ac69a5afad4768e"},
    {file = "pyheck-0.1.5-cp37-abi3-win32.whl", hash = "sha256:1501fcfd15f7c05c6bfe38915f5e514ac95fc63e945f7d8b089d30c1b8fdb2c5"},
    {file = "pyheck-0.1.5-cp37-abi3-win_amd64.whl", hash = "sha256:e519f80a0ef87a8f880bfdf239e396e238dcaed34bec1ea7ef526c4873220e82"},
    {file = "pyheck-0.1.5.tar.gz", hash = "sha256:5c9fe372d540c5dbcb76bf062f951d998d0e14c906c842a52f1cd5de208e183a"},
]

[[package]]
name = "typer"
version = "0.7.0"
description = "Typer, build great CLIs. Easy to code. Based on Python type hints."
category = "main"
optional = false
python-versions = ">=3.6"
files = [
    {file = "typer-0.7.0-py3-none-any.whl", hash = "sha256:b5e704f4e48ec263de1c0b3a2387cd405a13767d2f907f44c1a08cbad96f606d"},
    {file = "typer-0.7.0.tar.gz", hash = "sha256:ff797846578a9f2a201b53442aedeb543319466870fbe1c701eab66dd7681165"},
]

[package.dependencies]
click = ">=7.1.1,<9.0.0"

[package.extras]
all = ["colorama (>=0.4.3,<0.5.0)", "rich (>=10.11.0,<13.0.0)", "shellingham (>=1.3.0,<2.0.0)"]
dev = ["autoflake (>=1.3.1,<2.0.0)", "flake8 (>=3.8.3,<4.0.0)", "pre-commit (>=2.17.0,<3.0.0)"]
doc = ["cairosvg (>=2.5.2,<3.0.0)", "mdx-include (>=1.4.1,<2.0.0)", "mkdocs (>=1.1.2,<2.0.0)", "mkdocs-material (>=8.1.4,<9.0.0)", "pillow (>=9.3.0,<10.0.0)"]
test = ["black (>=22.3.0,<23.0.0)", "coverage (>=6.2,<7.0)", "isort (>=5.0.6,<6.0.0)", "mypy (==0.910)", "pytest (>=4.4.0,<8.0.0)", "pytest-cov (>=2.10.0,<5.0.0)", "pytest-sugar (>=0.9.4,<0.10.0)", "pytest-xdist (>=1.32.0,<4.0.0)", "rich (>=10.11.0,<13.0.0)", "shellingham (>=1.3.0,<2.0.0)"]

[metadata]
lock-version = "2.0"
python-versions = "^3.11"
content-hash = "d7759ca9d40b210ecee605aac04ca8065465fd047b212fb4bd16a8958bfa9027"
